
Microsoft Visual Studio Solution File, Format Version 12.00
# Visual Studio Version 16
VisualStudioVersion = 16.0.31702.278
MinimumVisualStudioVersion = 10.0.40219.1
Project("{FAE04EC0-301F-11D3-BF4B-00C04F79EFBC}") = "Задание 13", "Задание 13\Задание 13.csproj", "{711D1CAD-ED91-422D-A203-23475419335D}"
EndProject
Global
	GlobalSection(SolutionConfigurationPlatforms) = preSolution
		Debug|Any CPU = Debug|Any CPU
		Release|Any CPU = Release|Any CPU
	EndGlobalSection
	GlobalSection(ProjectConfigurationPlatforms) = postSolution
		{711D1CAD-ED91-422D-A203-23475419335D}.Debug|Any CPU.ActiveCfg = Debug|Any CPU
		{711D1CAD-ED91-422D-A203-23475419335D}.Debug|Any CPU.Build.0 = Debug|Any CPU
		{711D1CAD-ED91-422D-A203-23475419335D}.Release|Any CPU.ActiveCfg = Release|Any CPU
		{711D1CAD-ED91-422D-A203-23475419335D}.Release|Any CPU.Build.0 = Release|Any CPU
	EndGlobalSection
	GlobalSection(SolutionProperties) = preSolution
		HideSolutionNode = FALSE
	EndGlobalSection
	GlobalSection(ExtensibilityGlobals) = postSolution
		SolutionGuid = {17B59ED8-F381-4043-AFC9-2048B60E1991}
	EndGlobalSection
EndGlobal
